// !$*UTF8*$!
{
	archiveVersion = 1;
	classes = {
	};
	objectVersion = 55;
	objects = {

/* Begin PBXBuildFile section */
		7369F13D275176F400EBF659 /* AppDelegate.swift in Sources */ = {isa = PBXBuildFile; fileRef = 7369F13C275176F400EBF659 /* AppDelegate.swift */; };
		7369F13F275176F400EBF659 /* ContentView.swift in Sources */ = {isa = PBXBuildFile; fileRef = 7369F13E275176F400EBF659 /* ContentView.swift */; };
		7369F143275176FC00EBF659 /* Assets.xcassets in Resources */ = {isa = PBXBuildFile; fileRef = 7369F142275176FC00EBF659 /* Assets.xcassets */; };
		7369F146275176FC00EBF659 /* Preview Assets.xcassets in Resources */ = {isa = PBXBuildFile; fileRef = 7369F145275176FC00EBF659 /* Preview Assets.xcassets */; };
		7369F150275176FD00EBF659 /* HandPoseClassificationARTests.swift in Sources */ = {isa = PBXBuildFile; fileRef = 7369F14F275176FD00EBF659 /* HandPoseClassificationARTests.swift */; };
		7369F15A275176FE00EBF659 /* HandPoseClassificationARUITests.swift in Sources */ = {isa = PBXBuildFile; fileRef = 7369F159275176FE00EBF659 /* HandPoseClassificationARUITests.swift */; };
		7369F15C275176FE00EBF659 /* HandPoseClassificationARUITestsLaunchTests.swift in Sources */ = {isa = PBXBuildFile; fileRef = 7369F15B275176FE00EBF659 /* HandPoseClassificationARUITestsLaunchTests.swift */; };
		7369F169275178AD00EBF659 /* ARViewController.swift in Sources */ = {isa = PBXBuildFile; fileRef = 7369F168275178AD00EBF659 /* ARViewController.swift */; };
		7369F16B2751961100EBF659 /* MyHandPoseClassifier 1.mlmodel in Sources */ = {isa = PBXBuildFile; fileRef = 7369F16A2751961100EBF659 /* MyHandPoseClassifier 1.mlmodel */; };
		7369F16D2751A15900EBF659 /* HandPoseClassifier.mlmodel in Sources */ = {isa = PBXBuildFile; fileRef = 7369F16C2751A15900EBF659 /* HandPoseClassifier.mlmodel */; };
		7369F16F2753381800EBF659 /* SceneKit Scene.scn in Resources */ = {isa = PBXBuildFile; fileRef = 7369F16E2753381800EBF659 /* SceneKit Scene.scn */; };
/* End PBXBuildFile section */

/* Begin PBXContainerItemProxy section */
		7369F14C275176FD00EBF659 /* PBXContainerItemProxy */ = {
			isa = PBXContainerItemProxy;
			containerPortal = 7369F131275176F400EBF659 /* Project object */;
			proxyType = 1;
			remoteGlobalIDString = 7369F138275176F400EBF659;
			remoteInfo = HandPoseClassificationAR;
		};
		7369F156275176FE00EBF659 /* PBXContainerItemProxy */ = {
			isa = PBXContainerItemProxy;
			containerPortal = 7369F131275176F400EBF659 /* Project object */;
			proxyType = 1;
			remoteGlobalIDString = 7369F138275176F400EBF659;
			remoteInfo = HandPoseClassificationAR;
		};
/* End PBXContainerItemProxy section */

/* Begin PBXFileReference section */
		7369F139275176F400EBF659 /* HandPoseClassificationAR.app */ = {isa = PBXFileReference; explicitFileType = wrapper.application; includeInIndex = 0; path = HandPoseClassificationAR.app; sourceTree = BUILT_PRODUCTS_DIR; };
		7369F13C275176F400EBF659 /* AppDelegate.swift */ = {isa = PBXFileReference; lastKnownFileType = sourcecode.swift; path = AppDelegate.swift; sourceTree = "<group>"; };
		7369F13E275176F400EBF659 /* ContentView.swift */ = {isa = PBXFileReference; lastKnownFileType = sourcecode.swift; path = ContentView.swift; sourceTree = "<group>"; };
		7369F142275176FC00EBF659 /* Assets.xcassets */ = {isa = PBXFileReference; lastKnownFileType = folder.assetcatalog; path = Assets.xcassets; sourceTree = "<group>"; };
		7369F145275176FC00EBF659 /* Preview Assets.xcassets */ = {isa = PBXFileReference; lastKnownFileType = folder.assetcatalog; path = "Preview Assets.xcassets"; sourceTree = "<group>"; };
		7369F14B275176FD00EBF659 /* HandPoseClassificationARTests.xctest */ = {isa = PBXFileReference; explicitFileType = wrapper.cfbundle; includeInIndex = 0; path = HandPoseClassificationARTests.xctest; sourceTree = BUILT_PRODUCTS_DIR; };
		7369F14F275176FD00EBF659 /* HandPoseClassificationARTests.swift */ = {isa = PBXFileReference; lastKnownFileType = sourcecode.swift; path = HandPoseClassificationARTests.swift; sourceTree = "<group>"; };
		7369F155275176FE00EBF659 /* HandPoseClassificationARUITests.xctest */ = {isa = PBXFileReference; explicitFileType = wrapper.cfbundle; includeInIndex = 0; path = HandPoseClassificationARUITests.xctest; sourceTree = BUILT_PRODUCTS_DIR; };
		7369F159275176FE00EBF659 /* HandPoseClassificationARUITests.swift */ = {isa = PBXFileReference; lastKnownFileType = sourcecode.swift; path = HandPoseClassificationARUITests.swift; sourceTree = "<group>"; };
		7369F15B275176FE00EBF659 /* HandPoseClassificationARUITestsLaunchTests.swift */ = {isa = PBXFileReference; lastKnownFileType = sourcecode.swift; path = HandPoseClassificationARUITestsLaunchTests.swift; sourceTree = "<group>"; };
		7369F168275178AD00EBF659 /* ARViewController.swift */ = {isa = PBXFileReference; lastKnownFileType = sourcecode.swift; path = ARViewController.swift; sourceTree = "<group>"; };
		7369F16A2751961100EBF659 /* MyHandPoseClassifier 1.mlmodel */ = {isa = PBXFileReference; lastKnownFileType = file.mlmodel; path = "MyHandPoseClassifier 1.mlmodel"; sourceTree = "<group>"; };
		7369F16C2751A15900EBF659 /* HandPoseClassifier.mlmodel */ = {isa = PBXFileReference; lastKnownFileType = file.mlmodel; path = HandPoseClassifier.mlmodel; sourceTree = "<group>"; };
		7369F16E2753381800EBF659 /* SceneKit Scene.scn */ = {isa = PBXFileReference; lastKnownFileType = file.bplist; path = "SceneKit Scene.scn"; sourceTree = "<group>"; };
/* End PBXFileReference section */

/* Begin PBXFrameworksBuildPhase section */
		7369F136275176F400EBF659 /* Frameworks */ = {
			isa = PBXFrameworksBuildPhase;
			buildActionMask = 2147483647;
			files = (
			);
			runOnlyForDeploymentPostprocessing = 0;
		};
		7369F148275176FD00EBF659 /* Frameworks */ = {
			isa = PBXFrameworksBuildPhase;
			buildActionMask = 2147483647;
			files = (
			);
			runOnlyForDeploymentPostprocessing = 0;
		};
		7369F152275176FE00EBF659 /* Frameworks */ = {
			isa = PBXFrameworksBuildPhase;
			buildActionMask = 2147483647;
			files = (
			);
			runOnlyForDeploymentPostprocessing = 0;
		};
/* End PBXFrameworksBuildPhase section */

/* Begin PBXGroup section */
		7369F130275176F400EBF659 = {
			isa = PBXGroup;
			children = (
				7369F16E2753381800EBF659 /* SceneKit Scene.scn */,
				7369F13B275176F400EBF659 /* HandPoseClassificationAR */,
				7369F14E275176FD00EBF659 /* HandPoseClassificationARTests */,
				7369F158275176FE00EBF659 /* HandPoseClassificationARUITests */,
				7369F13A275176F400EBF659 /* Products */,
			);
			sourceTree = "<group>";
		};
		7369F13A275176F400EBF659 /* Products */ = {
			isa = PBXGroup;
			children = (
				7369F139275176F400EBF659 /* HandPoseClassificationAR.app */,
				7369F14B275176FD00EBF659 /* HandPoseClassificationARTests.xctest */,
				7369F155275176FE00EBF659 /* HandPoseClassificationARUITests.xctest */,
			);
			name = Products;
			sourceTree = "<group>";
		};
		7369F13B275176F400EBF659 /* HandPoseClassificationAR */ = {
			isa = PBXGroup;
			children = (
				7369F13C275176F400EBF659 /* AppDelegate.swift */,
				7369F13E275176F400EBF659 /* ContentView.swift */,
				7369F168275178AD00EBF659 /* ARViewController.swift */,
				7369F16C2751A15900EBF659 /* HandPoseClassifier.mlmodel */,
				7369F16A2751961100EBF659 /* MyHandPoseClassifier 1.mlmodel */,
				7369F142275176FC00EBF659 /* Assets.xcassets */,
				7369F144275176FC00EBF659 /* Preview Content */,
			);
			path = HandPoseClassificationAR;
			sourceTree = "<group>";
		};
		7369F144275176FC00EBF659 /* Preview Content */ = {
			isa = PBXGroup;
			children = (
				7369F145275176FC00EBF659 /* Preview Assets.xcassets */,
			);
			path = "Preview Content";
			sourceTree = "<group>";
		};
		7369F14E275176FD00EBF659 /* HandPoseClassificationARTests */ = {
			isa = PBXGroup;
			children = (
				7369F14F275176FD00EBF659 /* HandPoseClassificationARTests.swift */,
			);
			path = HandPoseClassificationARTests;
			sourceTree = "<group>";
		};
		7369F158275176FE00EBF659 /* HandPoseClassificationARUITests */ = {
			isa = PBXGroup;
			children = (
				7369F159275176FE00EBF659 /* HandPoseClassificationARUITests.swift */,
				7369F15B275176FE00EBF659 /* HandPoseClassificationARUITestsLaunchTests.swift */,
			);
			path = HandPoseClassificationARUITests;
			sourceTree = "<group>";
		};
/* End PBXGroup section */

/* Begin PBXNativeTarget section */
		7369F138275176F400EBF659 /* HandPoseClassificationAR */ = {
			isa = PBXNativeTarget;
			buildConfigurationList = 7369F15F275176FE00EBF659 /* Build configuration list for PBXNativeTarget "HandPoseClassificationAR" */;
			buildPhases = (
				7369F135275176F400EBF659 /* Sources */,
				7369F136275176F400EBF659 /* Frameworks */,
				7369F137275176F400EBF659 /* Resources */,
			);
			buildRules = (
			);
			dependencies = (
			);
			name = HandPoseClassificationAR;
			productName = HandPoseClassificationAR;
			productReference = 7369F139275176F400EBF659 /* HandPoseClassificationAR.app */;
			productType = "com.apple.product-type.application";
		};
		7369F14A275176FD00EBF659 /* HandPoseClassificationARTests */ = {
			isa = PBXNativeTarget;
			buildConfigurationList = 7369F162275176FE00EBF659 /* Build configuration list for PBXNativeTarget "HandPoseClassificationARTests" */;
			buildPhases = (
				7369F147275176FD00EBF659 /* Sources */,
				7369F148275176FD00EBF659 /* Frameworks */,
				7369F149275176FD00EBF659 /* Resources */,
			);
			buildRules = (
			);
			dependencies = (
				7369F14D275176FD00EBF659 /* PBXTargetDependency */,
			);
			name = HandPoseClassificationARTests;
			productName = HandPoseClassificationARTests;
			productReference = 7369F14B275176FD00EBF659 /* HandPoseClassificationARTests.xctest */;
			productType = "com.apple.product-type.bundle.unit-test";
		};
		7369F154275176FE00EBF659 /* HandPoseClassificationARUITests */ = {
			isa = PBXNativeTarget;
			buildConfigurationList = 7369F165275176FE00EBF659 /* Build configuration list for PBXNativeTarget "HandPoseClassificationARUITests" */;
			buildPhases = (
				7369F151275176FE00EBF659 /* Sources */,
				7369F152275176FE00EBF659 /* Frameworks */,
				7369F153275176FE00EBF659 /* Resources */,
			);
			buildRules = (
			);
			dependencies = (
				7369F157275176FE00EBF659 /* PBXTargetDependency */,
			);
			name = HandPoseClassificationARUITests;
			productName = HandPoseClassificationARUITests;
			productReference = 7369F155275176FE00EBF659 /* HandPoseClassificationARUITests.xctest */;
			productType = "com.apple.product-type.bundle.ui-testing";
		};
/* End PBXNativeTarget section */

/* Begin PBXProject section */
		7369F131275176F400EBF659 /* Project object */ = {
			isa = PBXProject;
			attributes = {
				BuildIndependentTargetsInParallel = 1;
				LastSwiftUpdateCheck = 1310;
				LastUpgradeCheck = 1310;
				TargetAttributes = {
					7369F138275176F400EBF659 = {
						CreatedOnToolsVersion = 13.1;
					};
					7369F14A275176FD00EBF659 = {
						CreatedOnToolsVersion = 13.1;
						TestTargetID = 7369F138275176F400EBF659;
					};
					7369F154275176FE00EBF659 = {
						CreatedOnToolsVersion = 13.1;
						TestTargetID = 7369F138275176F400EBF659;
					};
				};
			};
			buildConfigurationList = 7369F134275176F400EBF659 /* Build configuration list for PBXProject "HandPoseClassificationAR" */;
			compatibilityVersion = "Xcode 13.0";
			developmentRegion = en;
			hasScannedForEncodings = 0;
			knownRegions = (
				en,
				Base,
			);
			mainGroup = 7369F130275176F400EBF659;
			productRefGroup = 7369F13A275176F400EBF659 /* Products */;
			projectDirPath = "";
			projectRoot = "";
			targets = (
				7369F138275176F400EBF659 /* HandPoseClassificationAR */,
				7369F14A275176FD00EBF659 /* HandPoseClassificationARTests */,
				7369F154275176FE00EBF659 /* HandPoseClassificationARUITests */,
			);
		};
/* End PBXProject section */

/* Begin PBXResourcesBuildPhase section */
		7369F137275176F400EBF659 /* Resources */ = {
			isa = PBXResourcesBuildPhase;
			buildActionMask = 2147483647;
			files = (
				7369F146275176FC00EBF659 /* Preview Assets.xcassets in Resources */,
				7369F143275176FC00EBF659 /* Assets.xcassets in Resources */,
				7369F16F2753381800EBF659 /* SceneKit Scene.scn in Resources */,
			);
			runOnlyForDeploymentPostprocessing = 0;
		};
		7369F149275176FD00EBF659 /* Resources */ = {
			isa = PBXResourcesBuildPhase;
			buildActionMask = 2147483647;
			files = (
			);
			runOnlyForDeploymentPostprocessing = 0;
		};
		7369F153275176FE00EBF659 /* Resources */ = {
			isa = PBXResourcesBuildPhase;
			buildActionMask = 2147483647;
			files = (
			);
			runOnlyForDeploymentPostprocessing = 0;
		};
/* End PBXResourcesBuildPhase section */

/* Begin PBXSourcesBuildPhase section */
		7369F135275176F400EBF659 /* Sources */ = {
			isa = PBXSourcesBuildPhase;
			buildActionMask = 2147483647;
			files = (
				7369F13F275176F400EBF659 /* ContentView.swift in Sources */,
				7369F16D2751A15900EBF659 /* HandPoseClassifier.mlmodel in Sources */,
				7369F13D275176F400EBF659 /* AppDelegate.swift in Sources */,
				7369F16B2751961100EBF659 /* MyHandPoseClassifier 1.mlmodel in Sources */,
				7369F169275178AD00EBF659 /* ARViewController.swift in Sources */,
			);
			runOnlyForDeploymentPostprocessing = 0;
		};
		7369F147275176FD00EBF659 /* Sources */ = {
			isa = PBXSourcesBuildPhase;
			buildActionMask = 2147483647;
			files = (
				7369F150275176FD00EBF659 /* HandPoseClassificationARTests.swift in Sources */,
			);
			runOnlyForDeploymentPostprocessing = 0;
		};
		7369F151275176FE00EBF659 /* Sources */ = {
			isa = PBXSourcesBuildPhase;
			buildActionMask = 2147483647;
			files = (
				7369F15A275176FE00EBF659 /* HandPoseClassificationARUITests.swift in Sources */,
				7369F15C275176FE00EBF659 /* HandPoseClassificationARUITestsLaunchTests.swift in Sources */,
			);
			runOnlyForDeploymentPostprocessing = 0;
		};
/* End PBXSourcesBuildPhase section */

/* Begin PBXTargetDependency section */
		7369F14D275176FD00EBF659 /* PBXTargetDependency */ = {
			isa = PBXTargetDependency;
			target = 7369F138275176F400EBF659 /* HandPoseClassificationAR */;
			targetProxy = 7369F14C275176FD00EBF659 /* PBXContainerItemProxy */;
		};
		7369F157275176FE00EBF659 /* PBXTargetDependency */ = {
			isa = PBXTargetDependency;
			target = 7369F138275176F400EBF659 /* HandPoseClassificationAR */;
			targetProxy = 7369F156275176FE00EBF659 /* PBXContainerItemProxy */;
		};
/* End PBXTargetDependency section */

/* Begin XCBuildConfiguration section */
		7369F15D275176FE00EBF659 /* Debug */ = {
			isa = XCBuildConfiguration;
			buildSettings = {
				ALWAYS_SEARCH_USER_PATHS = NO;
				CLANG_ANALYZER_NONNULL = YES;
				CLANG_ANALYZER_NUMBER_OBJECT_CONVERSION = YES_AGGRESSIVE;
				CLANG_CXX_LANGUAGE_STANDARD = "gnu++17";
				CLANG_CXX_LIBRARY = "libc++";
				CLANG_ENABLE_MODULES = YES;
				CLANG_ENABLE_OBJC_ARC = YES;
				CLANG_ENABLE_OBJC_WEAK = YES;
				CLANG_WARN_BLOCK_CAPTURE_AUTORELEASING = YES;
				CLANG_WARN_BOOL_CONVERSION = YES;
				CLANG_WARN_COMMA = YES;
				CLANG_WARN_CONSTANT_CONVERSION = YES;
				CLANG_WARN_DEPRECATED_OBJC_IMPLEMENTATIONS = YES;
				CLANG_WARN_DIRECT_OBJC_ISA_USAGE = YES_ERROR;
				CLANG_WARN_DOCUMENTATION_COMMENTS = YES;
				CLANG_WARN_EMPTY_BODY = YES;
				CLANG_WARN_ENUM_CONVERSION = YES;
				CLANG_WARN_INFINITE_RECURSION = YES;
				CLANG_WARN_INT_CONVERSION = YES;
				CLANG_WARN_NON_LITERAL_NULL_CONVERSION = YES;
				CLANG_WARN_OBJC_IMPLICIT_RETAIN_SELF = YES;
				CLANG_WARN_OBJC_LITERAL_CONVERSION = YES;
				CLANG_WARN_OBJC_ROOT_CLASS = YES_ERROR;
				CLANG_WARN_QUOTED_INCLUDE_IN_FRAMEWORK_HEADER = YES;
				CLANG_WARN_RANGE_LOOP_ANALYSIS = YES;
				CLANG_WARN_STRICT_PROTOTYPES = YES;
				CLANG_WARN_SUSPICIOUS_MOVE = YES;
				CLANG_WARN_UNGUARDED_AVAILABILITY = YES_AGGRESSIVE;
				CLANG_WARN_UNREACHABLE_CODE = YES;
				CLANG_WARN__DUPLICATE_METHOD_MATCH = YES;
				COPY_PHASE_STRIP = NO;
				DEBUG_INFORMATION_FORMAT = dwarf;
				ENABLE_STRICT_OBJC_MSGSEND = YES;
				ENABLE_TESTABILITY = YES;
				GCC_C_LANGUAGE_STANDARD = gnu11;
				GCC_DYNAMIC_NO_PIC = NO;
				GCC_NO_COMMON_BLOCKS = YES;
				GCC_OPTIMIZATION_LEVEL = 0;
				GCC_PREPROCESSOR_DEFINITIONS = (
					"DEBUG=1",
					"$(inherited)",
				);
				GCC_WARN_64_TO_32_BIT_CONVERSION = YES;
				GCC_WARN_ABOUT_RETURN_TYPE = YES_ERROR;
				GCC_WARN_UNDECLARED_SELECTOR = YES;
				GCC_WARN_UNINITIALIZED_AUTOS = YES_AGGRESSIVE;
				GCC_WARN_UNUSED_FUNCTION = YES;
				GCC_WARN_UNUSED_VARIABLE = YES;
				IPHONEOS_DEPLOYMENT_TARGET = 15.0;
				MTL_ENABLE_DEBUG_INFO = INCLUDE_SOURCE;
				MTL_FAST_MATH = YES;
				ONLY_ACTIVE_ARCH = YES;
				SDKROOT = iphoneos;
				SWIFT_ACTIVE_COMPILATION_CONDITIONS = DEBUG;
				SWIFT_OPTIMIZATION_LEVEL = "-Onone";
			};
			name = Debug;
		};
		7369F15E275176FE00EBF659 /* Release */ = {
			isa = XCBuildConfiguration;
			buildSettings = {
				ALWAYS_SEARCH_USER_PATHS = NO;
				CLANG_ANALYZER_NONNULL = YES;
				CLANG_ANALYZER_NUMBER_OBJECT_CONVERSION = YES_AGGRESSIVE;
				CLANG_CXX_LANGUAGE_STANDARD = "gnu++17";
				CLANG_CXX_LIBRARY = "libc++";
				CLANG_ENABLE_MODULES = YES;
				CLANG_ENABLE_OBJC_ARC = YES;
				CLANG_ENABLE_OBJC_WEAK = YES;
				CLANG_WARN_BLOCK_CAPTURE_AUTORELEASING = YES;
				CLANG_WARN_BOOL_CONVERSION = YES;
				CLANG_WARN_COMMA = YES;
				CLANG_WARN_CONSTANT_CONVERSION = YES;
				CLANG_WARN_DEPRECATED_OBJC_IMPLEMENTATIONS = YES;
				CLANG_WARN_DIRECT_OBJC_ISA_USAGE = YES_ERROR;
				CLANG_WARN_DOCUMENTATION_COMMENTS = YES;
				CLANG_WARN_EMPTY_BODY = YES;
				CLANG_WARN_ENUM_CONVERSION = YES;
				CLANG_WARN_INFINITE_RECURSION = YES;
				CLANG_WARN_INT_CONVERSION = YES;
				CLANG_WARN_NON_LITERAL_NULL_CONVERSION = YES;
				CLANG_WARN_OBJC_IMPLICIT_RETAIN_SELF = YES;
				CLANG_WARN_OBJC_LITERAL_CONVERSION = YES;
				CLANG_WARN_OBJC_ROOT_CLASS = YES_ERROR;
				CLANG_WARN_QUOTED_INCLUDE_IN_FRAMEWORK_HEADER = YES;
				CLANG_WARN_RANGE_LOOP_ANALYSIS = YES;
				CLANG_WARN_STRICT_PROTOTYPES = YES;
				CLANG_WARN_SUSPICIOUS_MOVE = YES;
				CLANG_WARN_UNGUARDED_AVAILABILITY = YES_AGGRESSIVE;
				CLANG_WARN_UNREACHABLE_CODE = YES;
				CLANG_WARN__DUPLICATE_METHOD_MATCH = YES;
				COPY_PHASE_STRIP = NO;
				DEBUG_INFORMATION_FORMAT = "dwarf-with-dsym";
				ENABLE_NS_ASSERTIONS = NO;
				ENABLE_STRICT_OBJC_MSGSEND = YES;
				GCC_C_LANGUAGE_STANDARD = gnu11;
				GCC_NO_COMMON_BLOCKS = YES;
				GCC_WARN_64_TO_32_BIT_CONVERSION = YES;
				GCC_WARN_ABOUT_RETURN_TYPE = YES_ERROR;
				GCC_WARN_UNDECLARED_SELECTOR = YES;
				GCC_WARN_UNINITIALIZED_AUTOS = YES_AGGRESSIVE;
				GCC_WARN_UNUSED_FUNCTION = YES;
				GCC_WARN_UNUSED_VARIABLE = YES;
				IPHONEOS_DEPLOYMENT_TARGET = 15.0;
				MTL_ENABLE_DEBUG_INFO = NO;
				MTL_FAST_MATH = YES;
				SDKROOT = iphoneos;
				SWIFT_COMPILATION_MODE = wholemodule;
				SWIFT_OPTIMIZATION_LEVEL = "-O";
				VALIDATE_PRODUCT = YES;
			};
			name = Release;
		};
		7369F160275176FE00EBF659 /* Debug */ = {
			isa = XCBuildConfiguration;
			buildSettings = {
				ASSETCATALOG_COMPILER_APPICON_NAME = AppIcon;
				ASSETCATALOG_COMPILER_GLOBAL_ACCENT_COLOR_NAME = AccentColor;
				CODE_SIGN_STYLE = Automatic;
				CURRENT_PROJECT_VERSION = 1;
				DEVELOPMENT_ASSET_PATHS = "\"HandPoseClassificationAR/Preview Content\"";
				DEVELOPMENT_TEAM = MFN25KNUGJ;
				ENABLE_PREVIEWS = YES;
				GENERATE_INFOPLIST_FILE = YES;
				INFOPLIST_KEY_NSCameraUsageDescription = "";
				INFOPLIST_KEY_UIApplicationSupportsIndirectInputEvents = YES;
				INFOPLIST_KEY_UILaunchScreen_Generation = YES;
				INFOPLIST_KEY_UIRequiredDeviceCapabilities = arkit;
				INFOPLIST_KEY_UIStatusBarHidden = YES;
				INFOPLIST_KEY_UISupportedInterfaceOrientations_iPad = "UIInterfaceOrientationPortrait UIInterfaceOrientationPortraitUpsideDown UIInterfaceOrientationLandscapeLeft UIInterfaceOrientationLandscapeRight";
				INFOPLIST_KEY_UISupportedInterfaceOrientations_iPhone = "UIInterfaceOrientationPortrait UIInterfaceOrientationLandscapeLeft UIInterfaceOrientationLandscapeRight";
				IPHONEOS_DEPLOYMENT_TARGET = 14.6;
				LD_RUNPATH_SEARCH_PATHS = (
					"$(inherited)",
					"@executable_path/Frameworks",
				);
				MARKETING_VERSION = 1.0;
				PRODUCT_BUNDLE_IDENTIFIER = com.daisukemajima.HandPoseClassificationAR;
				PRODUCT_NAME = "$(TARGET_NAME)";
				SWIFT_EMIT_LOC_STRINGS = YES;
				SWIFT_VERSION = 5.0;
				TARGETED_DEVICE_FAMILY = "1,2";
			};
			name = Debug;
		};
		7369F161275176FE00EBF659 /* Release */ = {
			isa = XCBuildConfiguration;
			buildSettings = {
				ASSETCATALOG_COMPILER_APPICON_NAME = AppIcon;
				ASSETCATALOG_COMPILER_GLOBAL_ACCENT_COLOR_NAME = AccentColor;
				CODE_SIGN_STYLE = Automatic;
				CURRENT_PROJECT_VERSION = 1;
				DEVELOPMENT_ASSET_PATHS = "\"HandPoseClassificationAR/Preview Content\"";
				DEVELOPMENT_TEAM = MFN25KNUGJ;
				ENABLE_PREVIEWS = YES;
				GENERATE_INFOPLIST_FILE = YES;
				INFOPLIST_KEY_NSCameraUsageDescription = "";
				INFOPLIST_KEY_UIApplicationSupportsIndirectInputEvents = YES;
				INFOPLIST_KEY_UILaunchScreen_Generation = YES;
				INFOPLIST_KEY_UIRequiredDeviceCapabilities = arkit;
				INFOPLIST_KEY_UIStatusBarHidden = YES;
				INFOPLIST_KEY_UISupportedInterfaceOrientations_iPad = "UIInterfaceOrientationPortrait UIInterfaceOrientationPortraitUpsideDown UIInterfaceOrientationLandscapeLeft UIInterfaceOrientationLandscapeRight";
				INFOPLIST_KEY_UISupportedInterfaceOrientations_iPhone = "UIInterfaceOrientationPortrait UIInterfaceOrientationLandscapeLeft UIInterfaceOrientationLandscapeRight";
				IPHONEOS_DEPLOYMENT_TARGET = 14.6;
				LD_RUNPATH_SEARCH_PATHS = (
					"$(inherited)",
					"@executable_path/Frameworks",
				);
				MARKETING_VERSION = 1.0;
				PRODUCT_BUNDLE_IDENTIFIER = com.daisukemajima.HandPoseClassificationAR;
				PRODUCT_NAME = "$(TARGET_NAME)";
				SWIFT_EMIT_LOC_STRINGS = YES;
				SWIFT_VERSION = 5.0;
				TARGETED_DEVICE_FAMILY = "1,2";
			};
			name = Release;
		};
		7369F163275176FE00EBF659 /* Debug */ = {
			isa = XCBuildConfiguration;
			buildSettings = {
				ALWAYS_EMBED_SWIFT_STANDARD_LIBRARIES = YES;
				BUNDLE_LOADER = "$(TEST_HOST)";
				CODE_SIGN_STYLE = Automatic;
				CURRENT_PROJECT_VERSION = 1;
				DEVELOPMENT_TEAM = MFN25KNUGJ;
				GENERATE_INFOPLIST_FILE = YES;
				IPHONEOS_DEPLOYMENT_TARGET = 15.0;
				LD_RUNPATH_SEARCH_PATHS = (
					"$(inherited)",
					"@executable_path/Frameworks",
					"@loader_path/Frameworks",
				);
				MARKETING_VERSION = 1.0;
				PRODUCT_BUNDLE_IDENTIFIER = com.daisukemajima.HandPoseClassificationARTests;
				PRODUCT_NAME = "$(TARGET_NAME)";
				SWIFT_EMIT_LOC_STRINGS = NO;
				SWIFT_VERSION = 5.0;
				TARGETED_DEVICE_FAMILY = "1,2";
				TEST_HOST = "$(BUILT_PRODUCTS_DIR)/HandPoseClassificationAR.app/HandPoseClassificationAR";
			};
			name = Debug;
		};
		7369F164275176FE00EBF659 /* Release */ = {
			isa = XCBuildConfiguration;
			buildSettings = {
				ALWAYS_EMBED_SWIFT_STANDARD_LIBRARIES = YES;
				BUNDLE_LOADER = "$(TEST_HOST)";
				CODE_SIGN_STYLE = Automatic;
				CURRENT_PROJECT_VERSION = 1;
				DEVELOPMENT_TEAM = MFN25KNUGJ;
				GENERATE_INFOPLIST_FILE = YES;
				IPHONEOS_DEPLOYMENT_TARGET = 15.0;
				LD_RUNPATH_SEARCH_PATHS = (
					"$(inherited)",
					"@executable_path/Frameworks",
					"@loader_path/Frameworks",
				);
				MARKETING_VERSION = 1.0;
				PRODUCT_BUNDLE_IDENTIFIER = com.daisukemajima.HandPoseClassificationARTests;
				PRODUCT_NAME = "$(TARGET_NAME)";
				SWIFT_EMIT_LOC_STRINGS = NO;
				SWIFT_VERSION = 5.0;
				TARGETED_DEVICE_FAMILY = "1,2";
				TEST_HOST = "$(BUILT_PRODUCTS_DIR)/HandPoseClassificationAR.app/HandPoseClassificationAR";
			};
			name = Release;
		};
		7369F166275176FE00EBF659 /* Debug */ = {
			isa = XCBuildConfiguration;
			buildSettings = {
				ALWAYS_EMBED_SWIFT_STANDARD_LIBRARIES = YES;
				CODE_SIGN_STYLE = Automatic;
				CURRENT_PROJECT_VERSION = 1;
				DEVELOPMENT_TEAM = MFN25KNUGJ;
				GENERATE_INFOPLIST_FILE = YES;
				LD_RUNPATH_SEARCH_PATHS = (
					"$(inherited)",
					"@executable_path/Frameworks",
					"@loader_path/Frameworks",
				);
				MARKETING_VERSION = 1.0;
				PRODUCT_BUNDLE_IDENTIFIER = com.daisukemajima.HandPoseClassificationARUITests;
				PRODUCT_NAME = "$(TARGET_NAME)";
				SWIFT_EMIT_LOC_STRINGS = NO;
				SWIFT_VERSION = 5.0;
				TARGETED_DEVICE_FAMILY = "1,2";
				TEST_TARGET_NAME = HandPoseClassificationAR;
			};
			name = Debug;
		};
		7369F167275176FE00EBF659 /* Release */ = {
			isa = XCBuildConfiguration;
			buildSettings = {
				ALWAYS_EMBED_SWIFT_STANDARD_LIBRARIES = YES;
				CODE_SIGN_STYLE = Automatic;
				CURRENT_PROJECT_VERSION = 1;
				DEVELOPMENT_TEAM = MFN25KNUGJ;
				GENERATE_INFOPLIST_FILE = YES;
				LD_RUNPATH_SEARCH_PATHS = (
					"$(inherited)",
					"@executable_path/Frameworks",
					"@loader_path/Frameworks",
				);
				MARKETING_VERSION = 1.0;
				PRODUCT_BUNDLE_IDENTIFIER = com.daisukemajima.HandPoseClassificationARUITests;
				PRODUCT_NAME = "$(TARGET_NAME)";
				SWIFT_EMIT_LOC_STRINGS = NO;
				SWIFT_VERSION = 5.0;
				TARGETED_DEVICE_FAMILY = "1,2";
				TEST_TARGET_NAME = HandPoseClassificationAR;
			};
			name = Release;
		};
/* End XCBuildConfiguration section */

/* Begin XCConfigurationList section */
		7369F134275176F400EBF659 /* Build configuration list for PBXProject "HandPoseClassificationAR" */ = {
			isa = XCConfigurationList;
			buildConfigurations = (
				7369F15D275176FE00EBF659 /* Debug */,
				7369F15E275176FE00EBF659 /* Release */,
			);
			defaultConfigurationIsVisible = 0;
			defaultConfigurationName = Release;
		};
		7369F15F275176FE00EBF659 /* Build configuration list for PBXNativeTarget "HandPoseClassificationAR" */ = {
			isa = XCConfigurationList;
			buildConfigurations = (
				7369F160275176FE00EBF659 /* Debug */,
				7369F161275176FE00EBF659 /* Release */,
			);
			defaultConfigurationIsVisible = 0;
			defaultConfigurationName = Release;
		};
		7369F162275176FE00EBF659 /* Build configuration list for PBXNativeTarget "HandPoseClassificationARTests" */ = {
			isa = XCConfigurationList;
			buildConfigurations = (
				7369F163275176FE00EBF659 /* Debug */,
				7369F164275176FE00EBF659 /* Release */,
			);
			defaultConfigurationIsVisible = 0;
			defaultConfigurationName = Release;
		};
		7369F165275176FE00EBF659 /* Build configuration list for PBXNativeTarget "HandPoseClassificationARUITests" */ = {
			isa = XCConfigurationList;
			buildConfigurations = (
				7369F166275176FE00EBF659 /* Debug */,
				7369F167275176FE00EBF659 /* Release */,
			);
			defaultConfigurationIsVisible = 0;
			defaultConfigurationName = Release;
		};
/* End XCConfigurationList section */
	};
	rootObject = 7369F131275176F400EBF659 /* Project object */;
}
